
Microsoft Visual Studio Solution File, Format Version 12.00
# Visual Studio Version 16
VisualStudioVersion = 16.0.29201.188
MinimumVisualStudioVersion = 10.0.40219.1
Project("{FAE04EC0-301F-11D3-BF4B-00C04F79EFBC}") = "WebApplicationTest", "WebApplicationTest\WebApplicationTest.csproj", "{3C05CD90-0A8A-4BC2-B360-53FF00A22702}"
EndProject
Project("{FAE04EC0-301F-11D3-BF4B-00C04F79EFBC}") = "TestCase", "TestCase\TestCase.csproj", "{4CA49A43-20D0-4B63-BCDF-C4B0143DBE8E}"
EndProject
Global
	GlobalSection(SolutionConfigurationPlatforms) = preSolution
		Debug|Any CPU = Debug|Any CPU
		Release|Any CPU = Release|Any CPU
	EndGlobalSection
	GlobalSection(ProjectConfigurationPlatforms) = postSolution
		{3C05CD90-0A8A-4BC2-B360-53FF00A22702}.Debug|Any CPU.ActiveCfg = Debug|Any CPU
		{3C05CD90-0A8A-4BC2-B360-53FF00A22702}.Debug|Any CPU.Build.0 = Debug|Any CPU
		{3C05CD90-0A8A-4BC2-B360-53FF00A22702}.Release|Any CPU.ActiveCfg = Release|Any CPU
		{3C05CD90-0A8A-4BC2-B360-53FF00A22702}.Release|Any CPU.Build.0 = Release|Any CPU
		{4CA49A43-20D0-4B63-BCDF-C4B0143DBE8E}.Debug|Any CPU.ActiveCfg = Debug|Any CPU
		{4CA49A43-20D0-4B63-BCDF-C4B0143DBE8E}.Debug|Any CPU.Build.0 = Debug|Any CPU
		{4CA49A43-20D0-4B63-BCDF-C4B0143DBE8E}.Release|Any CPU.ActiveCfg = Release|Any CPU
		{4CA49A43-20D0-4B63-BCDF-C4B0143DBE8E}.Release|Any CPU.Build.0 = Release|Any CPU
	EndGlobalSection
	GlobalSection(SolutionProperties) = preSolution
		HideSolutionNode = FALSE
	EndGlobalSection
	GlobalSection(ExtensibilityGlobals) = postSolution
		SolutionGuid = {0D9E5E5E-858B-4C45-95E1-E22CE4F743C0}
	EndGlobalSection
EndGlobal
